
Microsoft Visual Studio Solution File, Format Version 12.00
# Visual Studio Version 16
VisualStudioVersion = 16.0.30803.129
MinimumVisualStudioVersion = 10.0.40219.1
Project("{FAE04EC0-301F-11D3-BF4B-00C04F79EFBC}") = "mckielce", "mcmacro\mckielce.csproj", "{B7DBC98C-6D78-4573-AF2B-A22CC320B4F0}"
EndProject
Global
	GlobalSection(SolutionConfigurationPlatforms) = preSolution
		Debug|Any CPU = Debug|Any CPU
		Debug|x64 = Debug|x64
		Release|Any CPU = Release|Any CPU
		Release|x64 = Release|x64
	EndGlobalSection
	GlobalSection(ProjectConfigurationPlatforms) = postSolution
		{B7DBC98C-6D78-4573-AF2B-A22CC320B4F0}.Debug|Any CPU.ActiveCfg = Debug|Any CPU
		{B7DBC98C-6D78-4573-AF2B-A22CC320B4F0}.Debug|Any CPU.Build.0 = Debug|Any CPU
		{B7DBC98C-6D78-4573-AF2B-A22CC320B4F0}.Debug|x64.ActiveCfg = Debug|x64
		{B7DBC98C-6D78-4573-AF2B-A22CC320B4F0}.Debug|x64.Build.0 = Debug|x64
		{B7DBC98C-6D78-4573-AF2B-A22CC320B4F0}.Release|Any CPU.ActiveCfg = Release|Any CPU
		{B7DBC98C-6D78-4573-AF2B-A22CC320B4F0}.Release|Any CPU.Build.0 = Release|Any CPU
		{B7DBC98C-6D78-4573-AF2B-A22CC320B4F0}.Release|x64.ActiveCfg = Release|x64
		{B7DBC98C-6D78-4573-AF2B-A22CC320B4F0}.Release|x64.Build.0 = Release|x64
	EndGlobalSection
	GlobalSection(SolutionProperties) = preSolution
		HideSolutionNode = FALSE
	EndGlobalSection
	GlobalSection(ExtensibilityGlobals) = postSolution
		SolutionGuid = {231C34E1-3CBA-49F8-BADA-07C8D15D692D}
	EndGlobalSection
EndGlobal
